PODS:
  - Alamofire (5.6.1)
  - Kingfisher (7.3.2)

DEPENDENCIES:
  - Alamofire
  - Kingfisher

SPEC REPOS:
  trunk:
    - Alamofire
    - Kingfisher

SPEC CHECKSUMS:
  Alamofire: 87bd8c952f9a4454320fce00d9cc3de57bcadaf5
  Kingfisher: 0086ad83719761ba9b2cdaf6ef4d5b4878cbae23

PODFILE CHECKSUM: be91d8ad3f0429e8d52246f2c868066478675002

COCOAPODS: 1.11.3
