// !$*UTF8*$!
{
	archiveVersion = 1;
	classes = {
	};
	objectVersion = 55;
	objects = {

/* Begin PBXBuildFile section */
		25827F6F22F5B0372F0E815E /* Pods_WikiMovie.framework in Frameworks */ = {isa = PBXBuildFile; fileRef = 3BDBF5B0A7E73107CBF8FE50 /* Pods_WikiMovie.framework */; };
		320F2BB02886ADDC0081304C /* HomeViewController.swift in Sources */ = {isa = PBXBuildFile; fileRef = 320F2BAF2886ADDC0081304C /* HomeViewController.swift */; };
		320F2BB22886BAAA0081304C /* MovieDetailsViewController.swift in Sources */ = {isa = PBXBuildFile; fileRef = 320F2BB12886BAAA0081304C /* MovieDetailsViewController.swift */; };
		320F2BB42887702A0081304C /* MovieListViewModel.swift in Sources */ = {isa = PBXBuildFile; fileRef = 320F2BB32887702A0081304C /* MovieListViewModel.swift */; };
		320F2BB62887B4900081304C /* MovieListTableViewCell.swift in Sources */ = {isa = PBXBuildFile; fileRef = 320F2BB52887B4900081304C /* MovieListTableViewCell.swift */; };
		326F184128868CF10090C2D2 /* AppDelegate.swift in Sources */ = {isa = PBXBuildFile; fileRef = 326F184028868CF10090C2D2 /* AppDelegate.swift */; };
		326F184328868CF10090C2D2 /* SceneDelegate.swift in Sources */ = {isa = PBXBuildFile; fileRef = 326F184228868CF10090C2D2 /* SceneDelegate.swift */; };
		326F184A28868CF20090C2D2 /* Assets.xcassets in Resources */ = {isa = PBXBuildFile; fileRef = 326F184928868CF20090C2D2 /* Assets.xcassets */; };
		326F184D28868CF20090C2D2 /* LaunchScreen.storyboard in Resources */ = {isa = PBXBuildFile; fileRef = 326F184B28868CF20090C2D2 /* LaunchScreen.storyboard */; };
		326F186128868E120090C2D2 /* MovieListService.swift in Sources */ = {isa = PBXBuildFile; fileRef = 326F186028868E120090C2D2 /* MovieListService.swift */; };
		326F187028868EC00090C2D2 /* ApiManager.swift in Sources */ = {isa = PBXBuildFile; fileRef = 326F186F28868EC00090C2D2 /* ApiManager.swift */; };
		326F187228868F160090C2D2 /* MovieListDTO.swift in Sources */ = {isa = PBXBuildFile; fileRef = 326F187128868F160090C2D2 /* MovieListDTO.swift */; };
		326F187428868F440090C2D2 /* MovieDTO.swift in Sources */ = {isa = PBXBuildFile; fileRef = 326F187328868F430090C2D2 /* MovieDTO.swift */; };
		326F187628868F870090C2D2 /* MovieListViewController.swift in Sources */ = {isa = PBXBuildFile; fileRef = 326F187528868F870090C2D2 /* MovieListViewController.swift */; };
		326F187B2886910F0090C2D2 /* Constants.swift in Sources */ = {isa = PBXBuildFile; fileRef = 326F187A2886910F0090C2D2 /* Constants.swift */; };
/* End PBXBuildFile section */

/* Begin PBXFileReference section */
		320F2BAF2886ADDC0081304C /* HomeViewController.swift */ = {isa = PBXFileReference; lastKnownFileType = sourcecode.swift; path = HomeViewController.swift; sourceTree = "<group>"; };
		320F2BB12886BAAA0081304C /* MovieDetailsViewController.swift */ = {isa = PBXFileReference; lastKnownFileType = sourcecode.swift; path = MovieDetailsViewController.swift; sourceTree = "<group>"; };
		320F2BB32887702A0081304C /* MovieListViewModel.swift */ = {isa = PBXFileReference; lastKnownFileType = sourcecode.swift; path = MovieListViewModel.swift; sourceTree = "<group>"; };
		320F2BB52887B4900081304C /* MovieListTableViewCell.swift */ = {isa = PBXFileReference; lastKnownFileType = sourcecode.swift; path = MovieListTableViewCell.swift; sourceTree = "<group>"; };
		326F183D28868CF10090C2D2 /* WikiMovie.app */ = {isa = PBXFileReference; explicitFileType = wrapper.application; includeInIndex = 0; path = WikiMovie.app; sourceTree = BUILT_PRODUCTS_DIR; };
		326F184028868CF10090C2D2 /* AppDelegate.swift */ = {isa = PBXFileReference; lastKnownFileType = sourcecode.swift; path = AppDelegate.swift; sourceTree = "<group>"; };
		326F184228868CF10090C2D2 /* SceneDelegate.swift */ = {isa = PBXFileReference; lastKnownFileType = sourcecode.swift; path = SceneDelegate.swift; sourceTree = "<group>"; };
		326F184928868CF20090C2D2 /* Assets.xcassets */ = {isa = PBXFileReference; lastKnownFileType = folder.assetcatalog; path = Assets.xcassets; sourceTree = "<group>"; };
		326F184C28868CF20090C2D2 /* Base */ = {isa = PBXFileReference; lastKnownFileType = file.storyboard; name = Base; path = Base.lproj/LaunchScreen.storyboard; sourceTree = "<group>"; };
		326F184E28868CF20090C2D2 /* Info.plist */ = {isa = PBXFileReference; lastKnownFileType = text.plist.xml; path = Info.plist; sourceTree = "<group>"; };
		326F186028868E120090C2D2 /* MovieListService.swift */ = {isa = PBXFileReference; lastKnownFileType = sourcecode.swift; path = MovieListService.swift; sourceTree = "<group>"; };
		326F186F28868EC00090C2D2 /* ApiManager.swift */ = {isa = PBXFileReference; fileEncoding = 4; lastKnownFileType = sourcecode.swift; path = ApiManager.swift; sourceTree = "<group>"; };
		326F187128868F160090C2D2 /* MovieListDTO.swift */ = {isa = PBXFileReference; lastKnownFileType = sourcecode.swift; path = MovieListDTO.swift; sourceTree = "<group>"; };
		326F187328868F430090C2D2 /* MovieDTO.swift */ = {isa = PBXFileReference; lastKnownFileType = sourcecode.swift; path = MovieDTO.swift; sourceTree = "<group>"; };
		326F187528868F870090C2D2 /* MovieListViewController.swift */ = {isa = PBXFileReference; lastKnownFileType = sourcecode.swift; path = MovieListViewController.swift; sourceTree = "<group>"; };
		326F187A2886910F0090C2D2 /* Constants.swift */ = {isa = PBXFileReference; lastKnownFileType = sourcecode.swift; path = Constants.swift; sourceTree = "<group>"; };
		3BDBF5B0A7E73107CBF8FE50 /* Pods_WikiMovie.framework */ = {isa = PBXFileReference; explicitFileType = wrapper.framework; includeInIndex = 0; path = Pods_WikiMovie.framework; sourceTree = BUILT_PRODUCTS_DIR; };
		46E5787E886541D004F882F2 /* Pods-WikiMovie.debug.xcconfig */ = {isa = PBXFileReference; includeInIndex = 1; lastKnownFileType = text.xcconfig; name = "Pods-WikiMovie.debug.xcconfig"; path = "Target Support Files/Pods-WikiMovie/Pods-WikiMovie.debug.xcconfig"; sourceTree = "<group>"; };
		60E02AF165ED284F4EE3BEE0 /* Pods-WikiMovie.release.xcconfig */ = {isa = PBXFileReference; includeInIndex = 1; lastKnownFileType = text.xcconfig; name = "Pods-WikiMovie.release.xcconfig"; path = "Target Support Files/Pods-WikiMovie/Pods-WikiMovie.release.xcconfig"; sourceTree = "<group>"; };
/* End PBXFileReference section */

/* Begin PBXFrameworksBuildPhase section */
		326F183A28868CF10090C2D2 /* Frameworks */ = {
			isa = PBXFrameworksBuildPhase;
			buildActionMask = 2147483647;
			files = (
				25827F6F22F5B0372F0E815E /* Pods_WikiMovie.framework in Frameworks */,
			);
			runOnlyForDeploymentPostprocessing = 0;
		};
/* End PBXFrameworksBuildPhase section */

/* Begin PBXGroup section */
		300CAFC775D7FA6F240F5C2C /* Pods */ = {
			isa = PBXGroup;
			children = (
				46E5787E886541D004F882F2 /* Pods-WikiMovie.debug.xcconfig */,
				60E02AF165ED284F4EE3BEE0 /* Pods-WikiMovie.release.xcconfig */,
			);
			path = Pods;
			sourceTree = "<group>";
		};
		326F183428868CF10090C2D2 = {
			isa = PBXGroup;
			children = (
				326F183F28868CF10090C2D2 /* WikiMovie */,
				326F183E28868CF10090C2D2 /* Products */,
				300CAFC775D7FA6F240F5C2C /* Pods */,
				B2DA56DFCE606CE22FCE0BD1 /* Frameworks */,
			);
			sourceTree = "<group>";
		};
		326F183E28868CF10090C2D2 /* Products */ = {
			isa = PBXGroup;
			children = (
				326F183D28868CF10090C2D2 /* WikiMovie.app */,
			);
			name = Products;
			sourceTree = "<group>";
		};
		326F183F28868CF10090C2D2 /* WikiMovie */ = {
			isa = PBXGroup;
			children = (
				326F185828868D790090C2D2 /* App */,
				326F184028868CF10090C2D2 /* AppDelegate.swift */,
				326F184228868CF10090C2D2 /* SceneDelegate.swift */,
				320F2BAF2886ADDC0081304C /* HomeViewController.swift */,
				326F184928868CF20090C2D2 /* Assets.xcassets */,
				326F184B28868CF20090C2D2 /* LaunchScreen.storyboard */,
				326F184E28868CF20090C2D2 /* Info.plist */,
			);
			path = WikiMovie;
			sourceTree = "<group>";
		};
		326F185828868D790090C2D2 /* App */ = {
			isa = PBXGroup;
			children = (
				326F185928868D940090C2D2 /* Modules */,
			);
			path = App;
			sourceTree = "<group>";
		};
		326F185928868D940090C2D2 /* Modules */ = {
			isa = PBXGroup;
			children = (
				326F1879288690FF0090C2D2 /* Utils */,
				326F186828868E900090C2D2 /* Shared */,
				326F185A28868DA10090C2D2 /* MovieList */,
			);
			path = Modules;
			sourceTree = "<group>";
		};
		326F185A28868DA10090C2D2 /* MovieList */ = {
			isa = PBXGroup;
			children = (
				326F185D28868DC60090C2D2 /* ViewModel */,
				326F185C28868DB50090C2D2 /* View */,
				326F185B28868DAB0090C2D2 /* Service */,
			);
			path = MovieList;
			sourceTree = "<group>";
		};
		326F185B28868DAB0090C2D2 /* Service */ = {
			isa = PBXGroup;
			children = (
				326F186028868E120090C2D2 /* MovieListService.swift */,
			);
			path = Service;
			sourceTree = "<group>";
		};
		326F185C28868DB50090C2D2 /* View */ = {
			isa = PBXGroup;
			children = (
				326F187528868F870090C2D2 /* MovieListViewController.swift */,
				320F2BB52887B4900081304C /* MovieListTableViewCell.swift */,
				320F2BB12886BAAA0081304C /* MovieDetailsViewController.swift */,
			);
			path = View;
			sourceTree = "<group>";
		};
		326F185D28868DC60090C2D2 /* ViewModel */ = {
			isa = PBXGroup;
			children = (
				320F2BB32887702A0081304C /* MovieListViewModel.swift */,
			);
			path = ViewModel;
			sourceTree = "<group>";
		};
		326F186828868E900090C2D2 /* Shared */ = {
			isa = PBXGroup;
			children = (
				326F186E28868EB30090C2D2 /* Networking */,
				326F186928868E940090C2D2 /* Models */,
			);
			path = Shared;
			sourceTree = "<group>";
		};
		326F186928868E940090C2D2 /* Models */ = {
			isa = PBXGroup;
			children = (
				326F187128868F160090C2D2 /* MovieListDTO.swift */,
				326F187328868F430090C2D2 /* MovieDTO.swift */,
			);
			path = Models;
			sourceTree = "<group>";
		};
		326F186E28868EB30090C2D2 /* Networking */ = {
			isa = PBXGroup;
			children = (
				326F186F28868EC00090C2D2 /* ApiManager.swift */,
			);
			path = Networking;
			sourceTree = "<group>";
		};
		326F1879288690FF0090C2D2 /* Utils */ = {
			isa = PBXGroup;
			children = (
				326F187A2886910F0090C2D2 /* Constants.swift */,
			);
			path = Utils;
			sourceTree = "<group>";
		};
		B2DA56DFCE606CE22FCE0BD1 /* Frameworks */ = {
			isa = PBXGroup;
			children = (
				3BDBF5B0A7E73107CBF8FE50 /* Pods_WikiMovie.framework */,
			);
			name = Frameworks;
			sourceTree = "<group>";
		};
/* End PBXGroup section */

/* Begin PBXNativeTarget section */
		326F183C28868CF10090C2D2 /* WikiMovie */ = {
			isa = PBXNativeTarget;
			buildConfigurationList = 326F185128868CF20090C2D2 /* Build configuration list for PBXNativeTarget "WikiMovie" */;
			buildPhases = (
				5AAB86AECAE990F8B5A33490 /* [CP] Check Pods Manifest.lock */,
				326F183928868CF10090C2D2 /* Sources */,
				326F183A28868CF10090C2D2 /* Frameworks */,
				326F183B28868CF10090C2D2 /* Resources */,
				A367922247500EFC6DA22F1C /* [CP] Embed Pods Frameworks */,
			);
			buildRules = (
			);
			dependencies = (
			);
			name = WikiMovie;
			productName = WikiMovie;
			productReference = 326F183D28868CF10090C2D2 /* WikiMovie.app */;
			productType = "com.apple.product-type.application";
		};
/* End PBXNativeTarget section */

/* Begin PBXProject section */
		326F183528868CF10090C2D2 /* Project object */ = {
			isa = PBXProject;
			attributes = {
				BuildIndependentTargetsInParallel = 1;
				LastSwiftUpdateCheck = 1340;
				LastUpgradeCheck = 1340;
				TargetAttributes = {
					326F183C28868CF10090C2D2 = {
						CreatedOnToolsVersion = 13.4.1;
					};
				};
			};
			buildConfigurationList = 326F183828868CF10090C2D2 /* Build configuration list for PBXProject "WikiMovie" */;
			compatibilityVersion = "Xcode 13.0";
			developmentRegion = en;
			hasScannedForEncodings = 0;
			knownRegions = (
				en,
				Base,
			);
			mainGroup = 326F183428868CF10090C2D2;
			productRefGroup = 326F183E28868CF10090C2D2 /* Products */;
			projectDirPath = "";
			projectRoot = "";
			targets = (
				326F183C28868CF10090C2D2 /* WikiMovie */,
			);
		};
/* End PBXProject section */

/* Begin PBXResourcesBuildPhase section */
		326F183B28868CF10090C2D2 /* Resources */ = {
			isa = PBXResourcesBuildPhase;
			buildActionMask = 2147483647;
			files = (
				326F184D28868CF20090C2D2 /* LaunchScreen.storyboard in Resources */,
				326F184A28868CF20090C2D2 /* Assets.xcassets in Resources */,
			);
			runOnlyForDeploymentPostprocessing = 0;
		};
/* End PBXResourcesBuildPhase section */

/* Begin PBXShellScriptBuildPhase section */
		5AAB86AECAE990F8B5A33490 /* [CP] Check Pods Manifest.lock */ = {
			isa = PBXShellScriptBuildPhase;
			buildActionMask = 2147483647;
			files = (
			);
			inputFileListPaths = (
			);
			inputPaths = (
				"${PODS_PODFILE_DIR_PATH}/Podfile.lock",
				"${PODS_ROOT}/Manifest.lock",
			);
			name = "[CP] Check Pods Manifest.lock";
			outputFileListPaths = (
			);
			outputPaths = (
				"$(DERIVED_FILE_DIR)/Pods-WikiMovie-checkManifestLockResult.txt",
			);
			runOnlyForDeploymentPostprocessing = 0;
			shellPath = /bin/sh;
			shellScript = "diff \"${PODS_PODFILE_DIR_PATH}/Podfile.lock\" \"${PODS_ROOT}/Manifest.lock\" > /dev/null\nif [ $? != 0 ] ; then\n    # print error to STDERR\n    echo \"error: The sandbox is not in sync with the Podfile.lock. Run 'pod install' or update your CocoaPods installation.\" >&2\n    exit 1\nfi\n# This output is used by Xcode 'outputs' to avoid re-running this script phase.\necho \"SUCCESS\" > \"${SCRIPT_OUTPUT_FILE_0}\"\n";
			showEnvVarsInLog = 0;
		};
		A367922247500EFC6DA22F1C /* [CP] Embed Pods Frameworks */ = {
			isa = PBXShellScriptBuildPhase;
			buildActionMask = 2147483647;
			files = (
			);
			inputFileListPaths = (
				"${PODS_ROOT}/Target Support Files/Pods-WikiMovie/Pods-WikiMovie-frameworks-${CONFIGURATION}-input-files.xcfilelist",
			);
			name = "[CP] Embed Pods Frameworks";
			outputFileListPaths = (
				"${PODS_ROOT}/Target Support Files/Pods-WikiMovie/Pods-WikiMovie-frameworks-${CONFIGURATION}-output-files.xcfilelist",
			);
			runOnlyForDeploymentPostprocessing = 0;
			shellPath = /bin/sh;
			shellScript = "\"${PODS_ROOT}/Target Support Files/Pods-WikiMovie/Pods-WikiMovie-frameworks.sh\"\n";
			showEnvVarsInLog = 0;
		};
/* End PBXShellScriptBuildPhase section */

/* Begin PBXSourcesBuildPhase section */
		326F183928868CF10090C2D2 /* Sources */ = {
			isa = PBXSourcesBuildPhase;
			buildActionMask = 2147483647;
			files = (
				320F2BB22886BAAA0081304C /* MovieDetailsViewController.swift in Sources */,
				326F187B2886910F0090C2D2 /* Constants.swift in Sources */,
				326F187628868F870090C2D2 /* MovieListViewController.swift in Sources */,
				326F187028868EC00090C2D2 /* ApiManager.swift in Sources */,
				326F187428868F440090C2D2 /* MovieDTO.swift in Sources */,
				326F186128868E120090C2D2 /* MovieListService.swift in Sources */,
				320F2BB02886ADDC0081304C /* HomeViewController.swift in Sources */,
				320F2BB42887702A0081304C /* MovieListViewModel.swift in Sources */,
				326F187228868F160090C2D2 /* MovieListDTO.swift in Sources */,
				326F184128868CF10090C2D2 /* AppDelegate.swift in Sources */,
				320F2BB62887B4900081304C /* MovieListTableViewCell.swift in Sources */,
				326F184328868CF10090C2D2 /* SceneDelegate.swift in Sources */,
			);
			runOnlyForDeploymentPostprocessing = 0;
		};
/* End PBXSourcesBuildPhase section */

/* Begin PBXVariantGroup section */
		326F184B28868CF20090C2D2 /* LaunchScreen.storyboard */ = {
			isa = PBXVariantGroup;
			children = (
				326F184C28868CF20090C2D2 /* Base */,
			);
			name = LaunchScreen.storyboard;
			sourceTree = "<group>";
		};
/* End PBXVariantGroup section */

/* Begin XCBuildConfiguration section */
		326F184F28868CF20090C2D2 /* Debug */ = {
			isa = XCBuildConfiguration;
			buildSettings = {
				ALWAYS_SEARCH_USER_PATHS = NO;
				CLANG_ANALYZER_NONNULL = YES;
				CLANG_ANALYZER_NUMBER_OBJECT_CONVERSION = YES_AGGRESSIVE;
				CLANG_CXX_LANGUAGE_STANDARD = "gnu++17";
				CLANG_ENABLE_MODULES = YES;
				CLANG_ENABLE_OBJC_ARC = YES;
				CLANG_ENABLE_OBJC_WEAK = YES;
				CLANG_WARN_BLOCK_CAPTURE_AUTORELEASING = YES;
				CLANG_WARN_BOOL_CONVERSION = YES;
				CLANG_WARN_COMMA = YES;
				CLANG_WARN_CONSTANT_CONVERSION = YES;
				CLANG_WARN_DEPRECATED_OBJC_IMPLEMENTATIONS = YES;
				CLANG_WARN_DIRECT_OBJC_ISA_USAGE = YES_ERROR;
				CLANG_WARN_DOCUMENTATION_COMMENTS = YES;
				CLANG_WARN_EMPTY_BODY = YES;
				CLANG_WARN_ENUM_CONVERSION = YES;
				CLANG_WARN_INFINITE_RECURSION = YES;
				CLANG_WARN_INT_CONVERSION = YES;
				CLANG_WARN_NON_LITERAL_NULL_CONVERSION = YES;
				CLANG_WARN_OBJC_IMPLICIT_RETAIN_SELF = YES;
				CLANG_WARN_OBJC_LITERAL_CONVERSION = YES;
				CLANG_WARN_OBJC_ROOT_CLASS = YES_ERROR;
				CLANG_WARN_QUOTED_INCLUDE_IN_FRAMEWORK_HEADER = YES;
				CLANG_WARN_RANGE_LOOP_ANALYSIS = YES;
				CLANG_WARN_STRICT_PROTOTYPES = YES;
				CLANG_WARN_SUSPICIOUS_MOVE = YES;
				CLANG_WARN_UNGUARDED_AVAILABILITY = YES_AGGRESSIVE;
				CLANG_WARN_UNREACHABLE_CODE = YES;
				CLANG_WARN__DUPLICATE_METHOD_MATCH = YES;
				COPY_PHASE_STRIP = NO;
				DEBUG_INFORMATION_FORMAT = dwarf;
				ENABLE_STRICT_OBJC_MSGSEND = YES;
				ENABLE_TESTABILITY = YES;
				GCC_C_LANGUAGE_STANDARD = gnu11;
				GCC_DYNAMIC_NO_PIC = NO;
				GCC_NO_COMMON_BLOCKS = YES;
				GCC_OPTIMIZATION_LEVEL = 0;
				GCC_PREPROCESSOR_DEFINITIONS = (
					"DEBUG=1",
					"$(inherited)",
				);
				GCC_WARN_64_TO_32_BIT_CONVERSION = YES;
				GCC_WARN_ABOUT_RETURN_TYPE = YES_ERROR;
				GCC_WARN_UNDECLARED_SELECTOR = YES;
				GCC_WARN_UNINITIALIZED_AUTOS = YES_AGGRESSIVE;
				GCC_WARN_UNUSED_FUNCTION = YES;
				GCC_WARN_UNUSED_VARIABLE = YES;
				IPHONEOS_DEPLOYMENT_TARGET = 15.5;
				MTL_ENABLE_DEBUG_INFO = INCLUDE_SOURCE;
				MTL_FAST_MATH = YES;
				ONLY_ACTIVE_ARCH = YES;
				SDKROOT = iphoneos;
				SWIFT_ACTIVE_COMPILATION_CONDITIONS = DEBUG;
				SWIFT_OPTIMIZATION_LEVEL = "-Onone";
			};
			name = Debug;
		};
		326F185028868CF20090C2D2 /* Release */ = {
			isa = XCBuildConfiguration;
			buildSettings = {
				ALWAYS_SEARCH_USER_PATHS = NO;
				CLANG_ANALYZER_NONNULL = YES;
				CLANG_ANALYZER_NUMBER_OBJECT_CONVERSION = YES_AGGRESSIVE;
				CLANG_CXX_LANGUAGE_STANDARD = "gnu++17";
				CLANG_ENABLE_MODULES = YES;
				CLANG_ENABLE_OBJC_ARC = YES;
				CLANG_ENABLE_OBJC_WEAK = YES;
				CLANG_WARN_BLOCK_CAPTURE_AUTORELEASING = YES;
				CLANG_WARN_BOOL_CONVERSION = YES;
				CLANG_WARN_COMMA = YES;
				CLANG_WARN_CONSTANT_CONVERSION = YES;
				CLANG_WARN_DEPRECATED_OBJC_IMPLEMENTATIONS = YES;
				CLANG_WARN_DIRECT_OBJC_ISA_USAGE = YES_ERROR;
				CLANG_WARN_DOCUMENTATION_COMMENTS = YES;
				CLANG_WARN_EMPTY_BODY = YES;
				CLANG_WARN_ENUM_CONVERSION = YES;
				CLANG_WARN_INFINITE_RECURSION = YES;
				CLANG_WARN_INT_CONVERSION = YES;
				CLANG_WARN_NON_LITERAL_NULL_CONVERSION = YES;
				CLANG_WARN_OBJC_IMPLICIT_RETAIN_SELF = YES;
				CLANG_WARN_OBJC_LITERAL_CONVERSION = YES;
				CLANG_WARN_OBJC_ROOT_CLASS = YES_ERROR;
				CLANG_WARN_QUOTED_INCLUDE_IN_FRAMEWORK_HEADER = YES;
				CLANG_WARN_RANGE_LOOP_ANALYSIS = YES;
				CLANG_WARN_STRICT_PROTOTYPES = YES;
				CLANG_WARN_SUSPICIOUS_MOVE = YES;
				CLANG_WARN_UNGUARDED_AVAILABILITY = YES_AGGRESSIVE;
				CLANG_WARN_UNREACHABLE_CODE = YES;
				CLANG_WARN__DUPLICATE_METHOD_MATCH = YES;
				COPY_PHASE_STRIP = NO;
				DEBUG_INFORMATION_FORMAT = "dwarf-with-dsym";
				ENABLE_NS_ASSERTIONS = NO;
				ENABLE_STRICT_OBJC_MSGSEND = YES;
				GCC_C_LANGUAGE_STANDARD = gnu11;
				GCC_NO_COMMON_BLOCKS = YES;
				GCC_WARN_64_TO_32_BIT_CONVERSION = YES;
				GCC_WARN_ABOUT_RETURN_TYPE = YES_ERROR;
				GCC_WARN_UNDECLARED_SELECTOR = YES;
				GCC_WARN_UNINITIALIZED_AUTOS = YES_AGGRESSIVE;
				GCC_WARN_UNUSED_FUNCTION = YES;
				GCC_WARN_UNUSED_VARIABLE = YES;
				IPHONEOS_DEPLOYMENT_TARGET = 15.5;
				MTL_ENABLE_DEBUG_INFO = NO;
				MTL_FAST_MATH = YES;
				SDKROOT = iphoneos;
				SWIFT_COMPILATION_MODE = wholemodule;
				SWIFT_OPTIMIZATION_LEVEL = "-O";
				VALIDATE_PRODUCT = YES;
			};
			name = Release;
		};
		326F185228868CF20090C2D2 /* Debug */ = {
			isa = XCBuildConfiguration;
			baseConfigurationReference = 46E5787E886541D004F882F2 /* Pods-WikiMovie.debug.xcconfig */;
			buildSettings = {
				ASSETCATALOG_COMPILER_APPICON_NAME = AppIcon;
				ASSETCATALOG_COMPILER_GLOBAL_ACCENT_COLOR_NAME = AccentColor;
				CODE_SIGN_STYLE = Automatic;
				CURRENT_PROJECT_VERSION = 1;
				DEVELOPMENT_TEAM = 2DB36S6ZG2;
				GENERATE_INFOPLIST_FILE = YES;
				INFOPLIST_FILE = WikiMovie/Info.plist;
				INFOPLIST_KEY_UIApplicationSupportsIndirectInputEvents = YES;
				INFOPLIST_KEY_UILaunchStoryboardName = LaunchScreen;
				INFOPLIST_KEY_UISupportedInterfaceOrientations_iPad = "UIInterfaceOrientationPortrait UIInterfaceOrientationPortraitUpsideDown UIInterfaceOrientationLandscapeLeft UIInterfaceOrientationLandscapeRight";
				INFOPLIST_KEY_UISupportedInterfaceOrientations_iPhone = "UIInterfaceOrientationPortrait UIInterfaceOrientationLandscapeLeft UIInterfaceOrientationLandscapeRight";
				LD_RUNPATH_SEARCH_PATHS = (
					"$(inherited)",
					"@executable_path/Frameworks",
				);
				MARKETING_VERSION = 1.0;
				PRODUCT_BUNDLE_IDENTIFIER = com.nahuelterrazas.WikiMovie;
				PRODUCT_NAME = "$(TARGET_NAME)";
				SWIFT_EMIT_LOC_STRINGS = YES;
				SWIFT_VERSION = 5.0;
				TARGETED_DEVICE_FAMILY = "1,2";
			};
			name = Debug;
		};
		326F185328868CF20090C2D2 /* Release */ = {
			isa = XCBuildConfiguration;
			baseConfigurationReference = 60E02AF165ED284F4EE3BEE0 /* Pods-WikiMovie.release.xcconfig */;
			buildSettings = {
				ASSETCATALOG_COMPILER_APPICON_NAME = AppIcon;
				ASSETCATALOG_COMPILER_GLOBAL_ACCENT_COLOR_NAME = AccentColor;
				CODE_SIGN_STYLE = Automatic;
				CURRENT_PROJECT_VERSION = 1;
				DEVELOPMENT_TEAM = 2DB36S6ZG2;
				GENERATE_INFOPLIST_FILE = YES;
				INFOPLIST_FILE = WikiMovie/Info.plist;
				INFOPLIST_KEY_UIApplicationSupportsIndirectInputEvents = YES;
				INFOPLIST_KEY_UILaunchStoryboardName = LaunchScreen;
				INFOPLIST_KEY_UISupportedInterfaceOrientations_iPad = "UIInterfaceOrientationPortrait UIInterfaceOrientationPortraitUpsideDown UIInterfaceOrientationLandscapeLeft UIInterfaceOrientationLandscapeRight";
				INFOPLIST_KEY_UISupportedInterfaceOrientations_iPhone = "UIInterfaceOrientationPortrait UIInterfaceOrientationLandscapeLeft UIInterfaceOrientationLandscapeRight";
				LD_RUNPATH_SEARCH_PATHS = (
					"$(inherited)",
					"@executable_path/Frameworks",
				);
				MARKETING_VERSION = 1.0;
				PRODUCT_BUNDLE_IDENTIFIER = com.nahuelterrazas.WikiMovie;
				PRODUCT_NAME = "$(TARGET_NAME)";
				SWIFT_EMIT_LOC_STRINGS = YES;
				SWIFT_VERSION = 5.0;
				TARGETED_DEVICE_FAMILY = "1,2";
			};
			name = Release;
		};
/* End XCBuildConfiguration section */

/* Begin XCConfigurationList section */
		326F183828868CF10090C2D2 /* Build configuration list for PBXProject "WikiMovie" */ = {
			isa = XCConfigurationList;
			buildConfigurations = (
				326F184F28868CF20090C2D2 /* Debug */,
				326F185028868CF20090C2D2 /* Release */,
			);
			defaultConfigurationIsVisible = 0;
			defaultConfigurationName = Release;
		};
		326F185128868CF20090C2D2 /* Build configuration list for PBXNativeTarget "WikiMovie" */ = {
			isa = XCConfigurationList;
			buildConfigurations = (
				326F185228868CF20090C2D2 /* Debug */,
				326F185328868CF20090C2D2 /* Release */,
			);
			defaultConfigurationIsVisible = 0;
			defaultConfigurationName = Release;
		};
/* End XCConfigurationList section */
	};
	rootObject = 326F183528868CF10090C2D2 /* Project object */;
}
